
Microsoft Visual Studio Solution File, Format Version 12.00
# Visual Studio Version 17
VisualStudioVersion = 17.5.33530.505
MinimumVisualStudioVersion = 10.0.40219.1
Project("{FAE04EC0-301F-11D3-BF4B-00C04F79EFBC}") = "ConsoleApp14", "ConsoleApp14\ConsoleApp14.csproj", "{F83BC2EE-20C1-4CF6-8D15-69A76225FE6F}"
EndProject
Project("{FAE04EC0-301F-11D3-BF4B-00C04F79EFBC}") = "ConsoleApp1", "ConsoleApp1\ConsoleApp1.csproj", "{E6BB212B-F91C-41AB-AEE0-6B43C2C50000}"
EndProject
Project("{FAE04EC0-301F-11D3-BF4B-00C04F79EFBC}") = "ConsoleApp2", "ConsoleApp2\ConsoleApp2.csproj", "{A7DC5637-49D7-4711-B106-F1EA1A103793}"
EndProject
Global
	GlobalSection(SolutionConfigurationPlatforms) = preSolution
		Debug|Any CPU = Debug|Any CPU
		Release|Any CPU = Release|Any CPU
	EndGlobalSection
	GlobalSection(ProjectConfigurationPlatforms) = postSolution
		{F83BC2EE-20C1-4CF6-8D15-69A76225FE6F}.Debug|Any CPU.ActiveCfg = Debug|Any CPU
		{F83BC2EE-20C1-4CF6-8D15-69A76225FE6F}.Debug|Any CPU.Build.0 = Debug|Any CPU
		{F83BC2EE-20C1-4CF6-8D15-69A76225FE6F}.Release|Any CPU.ActiveCfg = Release|Any CPU
		{F83BC2EE-20C1-4CF6-8D15-69A76225FE6F}.Release|Any CPU.Build.0 = Release|Any CPU
		{E6BB212B-F91C-41AB-AEE0-6B43C2C50000}.Debug|Any CPU.ActiveCfg = Debug|Any CPU
		{E6BB212B-F91C-41AB-AEE0-6B43C2C50000}.Debug|Any CPU.Build.0 = Debug|Any CPU
		{E6BB212B-F91C-41AB-AEE0-6B43C2C50000}.Release|Any CPU.ActiveCfg = Release|Any CPU
		{E6BB212B-F91C-41AB-AEE0-6B43C2C50000}.Release|Any CPU.Build.0 = Release|Any CPU
		{A7DC5637-49D7-4711-B106-F1EA1A103793}.Debug|Any CPU.ActiveCfg = Debug|Any CPU
		{A7DC5637-49D7-4711-B106-F1EA1A103793}.Debug|Any CPU.Build.0 = Debug|Any CPU
		{A7DC5637-49D7-4711-B106-F1EA1A103793}.Release|Any CPU.ActiveCfg = Release|Any CPU
		{A7DC5637-49D7-4711-B106-F1EA1A103793}.Release|Any CPU.Build.0 = Release|Any CPU
	EndGlobalSection
	GlobalSection(SolutionProperties) = preSolution
		HideSolutionNode = FALSE
	EndGlobalSection
	GlobalSection(ExtensibilityGlobals) = postSolution
		SolutionGuid = {B341CFCA-555F-4E0F-9AC0-677764969BB3}
	EndGlobalSection
EndGlobal
